<?xml version="1.0" encoding="utf-8"?>
<Project xmlns="http://schemas.microsoft.com/developer/msbuild/2003">
  <ItemGroup>
    <Filter Include="Form Files">
      <UniqueIdentifier>{99349809-55BA-4b9d-BF79-8FDBB0286EB3}</UniqueIdentifier>
      <Extensions>ui</Extensions>
      <ParseFiles>false</ParseFiles>
    </Filter>
    <Filter Include="Form Files">
      <UniqueIdentifier>{99349809-55BA-4b9d-BF79-8FDBB0286EB3}</UniqueIdentifier>
      <Extensions>ui</Extensions>
      <ParseFiles>false</ParseFiles>
    </Filter>
    <Filter Include="Generated Files">
      <UniqueIdentifier>{71ED8ED8-ACB9-4CE9-BBE1-E00B30144E11}</UniqueIdentifier>
      <Extensions>cpp;c;cxx;moc;h;def;odl;idl;res;</Extensions>
    </Filter>
    <Filter Include="Generated Files">
      <UniqueIdentifier>{71ED8ED8-ACB9-4CE9-BBE1-E00B30144E11}</UniqueIdentifier>
      <Extensions>cpp;c;cxx;moc;h;def;odl;idl;res;</Extensions>
    </Filter>
    <Filter Include="Header Files">
      <UniqueIdentifier>{93995380-89BD-4b04-88EB-625FBE52EBFB}</UniqueIdentifier>
      <Extensions>h;hpp;hxx;hm;inl;inc;xsd</Extensions>
    </Filter>
    <Filter Include="Header Files">
      <UniqueIdentifier>{93995380-89BD-4b04-88EB-625FBE52EBFB}</UniqueIdentifier>
      <Extensions>h;hpp;hxx;hm;inl;inc;xsd</Extensions>
    </Filter>
    <Filter Include="Resource Files">
      <UniqueIdentifier>{D9D6E242-F8AF-46E4-B9FD-80ECBC20BA3E}</UniqueIdentifier>
      <Extensions>qrc;*</Extensions>
      <ParseFiles>false</ParseFiles>
    </Filter>
    <Filter Include="Resource Files">
      <UniqueIdentifier>{D9D6E242-F8AF-46E4-B9FD-80ECBC20BA3E}</UniqueIdentifier>
      <Extensions>qrc;*</Extensions>
      <ParseFiles>false</ParseFiles>
    </Filter>
    <Filter Include="Source Files">
      <UniqueIdentifier>{4FC737F1-C7A5-4376-A066-2A32D752A2FF}</UniqueIdentifier>
      <Extensions>cpp;c;cxx;def;odl;idl;hpj;bat;asm;asmx</Extensions>
    </Filter>
    <Filter Include="Source Files">
      <UniqueIdentifier>{4FC737F1-C7A5-4376-A066-2A32D752A2FF}</UniqueIdentifier>
      <Extensions>cpp;c;cxx;def;odl;idl;hpj;bat;asm;asmx</Extensions>
    </Filter>
    <Filter Include="Distribution Files">
      <UniqueIdentifier>{B83CAF91-C7BF-462F-B76C-EA11631F866C}</UniqueIdentifier>
      <Extensions>*</Extensions>
      <ParseFiles>false</ParseFiles>
    </Filter>
    <Filter Include="Distribution Files">
      <UniqueIdentifier>{B83CAF91-C7BF-462F-B76C-EA11631F866C}</UniqueIdentifier>
      <Extensions>*</Extensions>
      <ParseFiles>false</ParseFiles>
    </Filter>
  </ItemGroup>
  <ItemGroup>
    <ClCompile Include="Campaign.cpp">
      <Filter>Source Files</Filter>
    </ClCompile>
    <ClCompile Include="Character.cpp">
      <Filter>Source Files</Filter>
    </ClCompile>
    <ClCompile Include="DungeonMaster.cpp">
      <Filter>Source Files</Filter>
    </ClCompile>
    <ClCompile Include="Entity.cpp">
      <Filter>Source Files</Filter>
    </ClCompile>
    <ClCompile Include="Equipment.cpp">
      <Filter>Source Files</Filter>
    </ClCompile>
    <ClCompile Include="Item.cpp">
      <Filter>Source Files</Filter>
    </ClCompile>
    <ClCompile Include="Map.cpp">
      <Filter>Source Files</Filter>
    </ClCompile>
    <ClCompile Include="NPC.cpp">
      <Filter>Source Files</Filter>
    </ClCompile>
    <ClCompile Include="NonMagicalPower.cpp">
      <Filter>Source Files</Filter>
    </ClCompile>
    <ClCompile Include="NonUsable.cpp">
      <Filter>Source Files</Filter>
    </ClCompile>
    <ClCompile Include="Object.cpp">
      <Filter>Source Files</Filter>
    </ClCompile>
    <ClCompile Include="Obstacle.cpp">
      <Filter>Source Files</Filter>
    </ClCompile>
    <ClCompile Include="PC.cpp">
      <Filter>Source Files</Filter>
    </ClCompile>
    <ClCompile Include="Player.cpp">
      <Filter>Source Files</Filter>
    </ClCompile>
    <ClCompile Include="Power.cpp">
      <Filter>Source Files</Filter>
    </ClCompile>
    <ClCompile Include="Spell.cpp">
      <Filter>Source Files</Filter>
    </ClCompile>
    <ClCompile Include="Tile.cpp">
      <Filter>Source Files</Filter>
    </ClCompile>
    <ClCompile Include="Usable.cpp">
      <Filter>Source Files</Filter>
    </ClCompile>
    <ClCompile Include="User.cpp">
      <Filter>Source Files</Filter>
    </ClCompile>
    <ClCompile Include="Weapon.cpp">
      <Filter>Source Files</Filter>
    </ClCompile>
    <ClCompile Include="characterdetailswindow.cpp">
      <Filter>Source Files</Filter>
    </ClCompile>
    <ClCompile Include="charcreatewindow.cpp">
      <Filter>Source Files</Filter>
    </ClCompile>
    <ClCompile Include="lobbywindow.cpp">
      <Filter>Source Files</Filter>
    </ClCompile>
    <ClCompile Include="loginwindow.cpp">
      <Filter>Source Files</Filter>
    </ClCompile>
    <ClCompile Include="main.cpp">
      <Filter>Source Files</Filter>
    </ClCompile>
    <ClCompile Include="mainDependancies.cpp">
      <Filter>Source Files</Filter>
    </ClCompile>
    <ClCompile Include="mainuiclass.cpp">
      <Filter>Source Files</Filter>
    </ClCompile>
    <ClCompile Include="mapcreatewindow.cpp">
      <Filter>Source Files</Filter>
    </ClCompile>
    <ClCompile Include="mapwidget.cpp">
      <Filter>Source Files</Filter>
    </ClCompile>
    <ClCompile Include="movewindow.cpp">
      <Filter>Source Files</Filter>
    </ClCompile>
  </ItemGroup>
  <ItemGroup>
    <ClInclude Include="Campaign.h">
      <Filter>Header Files</Filter>
    </ClInclude>
    <ClInclude Include="Character.h">
      <Filter>Header Files</Filter>
    </ClInclude>
    <ClInclude Include="DiceobuLibrary.h">
      <Filter>Header Files</Filter>
    </ClInclude>
    <ClInclude Include="DungeonMaster.h">
      <Filter>Header Files</Filter>
    </ClInclude>
    <ClInclude Include="Entity.h">
      <Filter>Header Files</Filter>
    </ClInclude>
    <ClInclude Include="Equipment.h">
      <Filter>Header Files</Filter>
    </ClInclude>
    <ClInclude Include="GameData.h">
      <Filter>Header Files</Filter>
    </ClInclude>
    <ClInclude Include="GlobalVariables.h">
      <Filter>Header Files</Filter>
    </ClInclude>
    <ClInclude Include="Item.h">
      <Filter>Header Files</Filter>
    </ClInclude>
    <ClInclude Include="Map.h">
      <Filter>Header Files</Filter>
    </ClInclude>
    <ClInclude Include="NPC.h">
      <Filter>Header Files</Filter>
    </ClInclude>
    <ClInclude Include="NonMagicalPower.h">
      <Filter>Header Files</Filter>
    </ClInclude>
    <ClInclude Include="NonUsable.h">
      <Filter>Header Files</Filter>
    </ClInclude>
    <ClInclude Include="Object.h">
      <Filter>Header Files</Filter>
    </ClInclude>
    <ClInclude Include="Obstacle.h">
      <Filter>Header Files</Filter>
    </ClInclude>
    <ClInclude Include="PC.h">
      <Filter>Header Files</Filter>
    </ClInclude>
    <ClInclude Include="Player.h">
      <Filter>Header Files</Filter>
    </ClInclude>
    <ClInclude Include="Power.h">
      <Filter>Header Files</Filter>
    </ClInclude>
    <ClInclude Include="Spell.h">
      <Filter>Header Files</Filter>
    </ClInclude>
    <ClInclude Include="Tile.h">
      <Filter>Header Files</Filter>
    </ClInclude>
    <ClInclude Include="Usable.h">
      <Filter>Header Files</Filter>
    </ClInclude>
    <ClInclude Include="User.h">
      <Filter>Header Files</Filter>
    </ClInclude>
    <ClInclude Include="Weapon.h">
      <Filter>Header Files</Filter>
    </ClInclude>
    <QtMoc Include="characterdetailswindow.h">
      <Filter>Header Files</Filter>
    </QtMoc>
    <QtMoc Include="charcreatewindow.h">
      <Filter>Header Files</Filter>
    </QtMoc>
    <QtMoc Include="lobbywindow.h">
      <Filter>Header Files</Filter>
    </QtMoc>
    <QtMoc Include="loginwindow.h">
      <Filter>Header Files</Filter>
    </QtMoc>
    <ClInclude Include="mainDependancies.h">
      <Filter>Header Files</Filter>
    </ClInclude>
    <QtMoc Include="mainuiclass.h">
      <Filter>Header Files</Filter>
    </QtMoc>
    <QtMoc Include="mapcreatewindow.h">
      <Filter>Header Files</Filter>
    </QtMoc>
    <QtMoc Include="mapwidget.h">
      <Filter>Header Files</Filter>
    </QtMoc>
    <QtMoc Include="movewindow.h">
      <Filter>Header Files</Filter>
    </QtMoc>
  </ItemGroup>
  <ItemGroup>
    
    
    
    
    
    
    
    
    
    
    
    
    
    
    
    
    <CustomBuild Include="debug\moc_predefs.h.cbt">
      <Filter>Generated Files</Filter>
    </CustomBuild>
    <CustomBuild Include="release\moc_predefs.h.cbt">
      <Filter>Generated Files</Filter>
    </CustomBuild>
    
    
    <ClInclude Include="ui_characterdetailswindow.h">
      <Filter>Generated Files</Filter>
    </ClInclude>
    <ClInclude Include="ui_charcreatewindow.h">
      <Filter>Generated Files</Filter>
    </ClInclude>
    <ClInclude Include="ui_lobbywindow.h">
      <Filter>Generated Files</Filter>
    </ClInclude>
    <ClInclude Include="ui_loginwindow.h">
      <Filter>Generated Files</Filter>
    </ClInclude>
    <ClInclude Include="ui_mapcreatewindow.h">
      <Filter>Generated Files</Filter>
    </ClInclude>
    <ClInclude Include="ui_mapwidget.h">
      <Filter>Generated Files</Filter>
    </ClInclude>
    <ClInclude Include="ui_movewindow.h">
      <Filter>Generated Files</Filter>
    </ClInclude>
  </ItemGroup>
  <ItemGroup>
    <QtUic Include="characterdetailswindow.ui">
      <Filter>Form Files</Filter>
    </QtUic>
    <QtUic Include="charcreatewindow.ui">
      <Filter>Form Files</Filter>
    </QtUic>
    <QtUic Include="lobbywindow.ui">
      <Filter>Form Files</Filter>
    </QtUic>
    <QtUic Include="loginwindow.ui">
      <Filter>Form Files</Filter>
    </QtUic>
    <QtUic Include="mapcreatewindow.ui">
      <Filter>Form Files</Filter>
    </QtUic>
    <QtUic Include="mapwidget.ui">
      <Filter>Form Files</Filter>
    </QtUic>
    <QtUic Include="movewindow.ui">
      <Filter>Form Files</Filter>
    </QtUic>
  </ItemGroup>
  <ItemGroup>
    <None Include="Bold.ttf">
      <Filter>Resource Files</Filter>
    </None>
    <None Include="img\Diceobu.png">
      <Filter>Resource Files</Filter>
    </None>
    <None Include="fonts\ImperatorSmallCaps">
      <Filter>Resource Files</Filter>
    </None>
    <None Include="img\Ranger.png">
      <Filter>Resource Files</Filter>
    </None>
    <None Include="img\Rogue.png">
      <Filter>Resource Files</Filter>
    </None>
    <None Include="img\Warrior.png">
      <Filter>Resource Files</Filter>
    </None>
    <None Include="img\Wizard.png">
      <Filter>Resource Files</Filter>
    </None>
    <None Include="img\add-folder.png">
      <Filter>Resource Files</Filter>
    </None>
    <None Include="img\berseker.png">
      <Filter>Resource Files</Filter>
    </None>
    <None Include="img\bg1.jpg">
      <Filter>Resource Files</Filter>
    </None>
    <None Include="img\bg2.png">
      <Filter>Resource Files</Filter>
    </None>
    <None Include="img\bg3.png">
      <Filter>Resource Files</Filter>
    </None>
    <None Include="img\bg4.jpg">
      <Filter>Resource Files</Filter>
    </None>
    <None Include="img\close.png">
      <Filter>Resource Files</Filter>
    </None>
    <None Include="img\d20.png">
      <Filter>Resource Files</Filter>
    </None>
    <None Include="img\d20v2.png">
      <Filter>Resource Files</Filter>
    </None>
    <None Include="img\dirt.png">
      <Filter>Resource Files</Filter>
    </None>
    <None Include="img\diskette.png">
      <Filter>Resource Files</Filter>
    </None>
    <None Include="img\dot.png">
      <Filter>Resource Files</Filter>
    </None>
    <None Include="img\empty.png">
      <Filter>Resource Files</Filter>
    </None>
    <None Include="img\etst1.png">
      <Filter>Resource Files</Filter>
    </None>
    <None Include="img\fighter.png">
      <Filter>Resource Files</Filter>
    </None>
    <None Include="img\fighterClassImage.png">
      <Filter>Resource Files</Filter>
    </None>
    <None Include="img\floor.png">
      <Filter>Resource Files</Filter>
    </None>
    <None Include="img\floor2.png">
      <Filter>Resource Files</Filter>
    </None>
    <None Include="img\grass.png">
      <Filter>Resource Files</Filter>
    </None>
    <None Include="img\grass2.png">
      <Filter>Resource Files</Filter>
    </None>
    <None Include="img\grass3.png">
      <Filter>Resource Files</Filter>
    </None>
    <None Include="img\labelAC.png">
      <Filter>Resource Files</Filter>
    </None>
    <None Include="img\labelAC2.png">
      <Filter>Resource Files</Filter>
    </None>
    <None Include="img\labelAC_LI.jpg">
      <Filter>Resource Files</Filter>
    </None>
    <None Include="img\labelAS.jpg">
      <Filter>Resource Files</Filter>
    </None>
    <None Include="img\labelAS2.png">
      <Filter>Resource Files</Filter>
    </None>
    <None Include="img\labelImage.jpg">
      <Filter>Resource Files</Filter>
    </None>
    <None Include="img\labelImage2.png">
      <Filter>Resource Files</Filter>
    </None>
    <None Include="img\legitob.png">
      <Filter>Resource Files</Filter>
    </None>
    <None Include="map-Castle_of_Belithriel.dat">
      <Filter>Resource Files</Filter>
    </None>
    <None Include="map-Woods_of_Oblivion.dat">
      <Filter>Resource Files</Filter>
    </None>
    <None Include="map-instance.dat">
      <Filter>Resource Files</Filter>
    </None>
    <None Include="img\rangerClassImage.png">
      <Filter>Resource Files</Filter>
    </None>
    <QtRcc Include="resources.qrc">
      <Filter>Resource Files</Filter>
    </QtRcc>
    <None Include="img\rock.png">
      <Filter>Resource Files</Filter>
    </None>
    <None Include="img\rogueClassImage.png">
      <Filter>Resource Files</Filter>
    </None>
    <None Include="img\sand.png">
      <Filter>Resource Files</Filter>
    </None>
    <None Include="img\settings.png">
      <Filter>Resource Files</Filter>
    </None>
    <None Include="img\star.png">
      <Filter>Resource Files</Filter>
    </None>
    <None Include="img\water.png">
      <Filter>Resource Files</Filter>
    </None>
    <None Include="img\wizard2.png">
      <Filter>Resource Files</Filter>
    </None>
    <None Include="img\wizardClassImage.png">
      <Filter>Resource Files</Filter>
    </None>
  </ItemGroup>
  <ItemGroup>
    <None Include="DiceobuUI.pro.user">
      <Filter>Distribution Files</Filter>
    </None>
    <None Include="Sample.dat">
      <Filter>Distribution Files</Filter>
    </None>
  </ItemGroup>
</Project>